
Microsoft Visual Studio Solution File, Format Version 12.00
# Visual Studio Version 16
VisualStudioVersion = 16.0.28803.202
MinimumVisualStudioVersion = 10.0.40219.1
Project("{8BC9CEB8-8B4A-11D0-8D11-00A0C91BC942}") = "server", "server.vcxproj", "{244F6657-6CB5-49BF-97F6-7B4C7FB83B0C}"
EndProject
Global
	GlobalSection(SolutionConfigurationPlatforms) = preSolution
		Debug|x64 = Debug|x64
		Debug|x86 = Debug|x86
		Release|x64 = Release|x64
		Release|x86 = Release|x86
	EndGlobalSection
	GlobalSection(ProjectConfigurationPlatforms) = postSolution
		{244F6657-6CB5-49BF-97F6-7B4C7FB83B0C}.Debug|x64.ActiveCfg = Debug|x64
		{244F6657-6CB5-49BF-97F6-7B4C7FB83B0C}.Debug|x64.Build.0 = Debug|x64
		{244F6657-6CB5-49BF-97F6-7B4C7FB83B0C}.Debug|x86.ActiveCfg = Debug|Win32
		{244F6657-6CB5-49BF-97F6-7B4C7FB83B0C}.Debug|x86.Build.0 = Debug|Win32
		{244F6657-6CB5-49BF-97F6-7B4C7FB83B0C}.Release|x64.ActiveCfg = Release|x64
		{244F6657-6CB5-49BF-97F6-7B4C7FB83B0C}.Release|x64.Build.0 = Release|x64
		{244F6657-6CB5-49BF-97F6-7B4C7FB83B0C}.Release|x86.ActiveCfg = Release|Win32
		{244F6657-6CB5-49BF-97F6-7B4C7FB83B0C}.Release|x86.Build.0 = Release|Win32
	EndGlobalSection
	GlobalSection(SolutionProperties) = preSolution
		HideSolutionNode = FALSE
	EndGlobalSection
	GlobalSection(ExtensibilityGlobals) = postSolution
		SolutionGuid = {4EFBECBC-A897-40A1-BE12-CB4FA7A4B806}
	EndGlobalSection
EndGlobal
